
Microsoft Visual Studio Solution File, Format Version 12.00
# Visual Studio Version 16
VisualStudioVersion = 16.0.31424.327
MinimumVisualStudioVersion = 10.0.40219.1
Project("{9A19103F-16F7-4668-BE54-9A1E7A4F7556}") = "KampIntro", "KampIntro\KampIntro.csproj", "{4A53296B-5F1C-4860-A1C3-C7F6FC1DC47E}"
EndProject
Project("{9A19103F-16F7-4668-BE54-9A1E7A4F7556}") = "Donguler", "Donguler\Donguler.csproj", "{81F20589-DADC-4244-8B01-E94037920B37}"
EndProject
Project("{9A19103F-16F7-4668-BE54-9A1E7A4F7556}") = "ClassIntro", "ClassIntro\ClassIntro.csproj", "{2AC57EA9-CBBB-4FC2-8195-E3D4DD7042FA}"
EndProject
Project("{9A19103F-16F7-4668-BE54-9A1E7A4F7556}") = "Metotlar", "Metotlar\Metotlar.csproj", "{EA57699E-3165-4B49-999B-41B3B9BA8115}"
EndProject
Project("{9A19103F-16F7-4668-BE54-9A1E7A4F7556}") = "Matematik", "Matematik\Matematik.csproj", "{CDEF6DA6-F0F4-4F76-8505-5AF49FDCAD8F}"
EndProject
Project("{9A19103F-16F7-4668-BE54-9A1E7A4F7556}") = "OOP1", "OOP1\OOP1.csproj", "{DBD4052A-6BC8-49D6-8CB3-91F36048311A}"
EndProject
Project("{9A19103F-16F7-4668-BE54-9A1E7A4F7556}") = "Koleksiyonlar", "Koleksiyonlar\Koleksiyonlar.csproj", "{29FC34E9-6B2D-4BC5-9E7E-F82817516F20}"
EndProject
Project("{9A19103F-16F7-4668-BE54-9A1E7A4F7556}") = "GenericsIntro", "GenericsIntro\GenericsIntro.csproj", "{5CF50C7E-1DE2-4A71-ABE3-E602E8148203}"
EndProject
Project("{FAE04EC0-301F-11D3-BF4B-00C04F79EFBC}") = "OOP2", "OOP2\OOP2.csproj", "{D0CEF3FF-6301-4539-BD77-92C7F24C686E}"
EndProject
Project("{FAE04EC0-301F-11D3-BF4B-00C04F79EFBC}") = "OOP3", "OOP3\OOP3.csproj", "{4FB2FFBB-89E4-4942-AEBF-AD6E4717A62B}"
EndProject
Global
	GlobalSection(SolutionConfigurationPlatforms) = preSolution
		Debug|Any CPU = Debug|Any CPU
		Release|Any CPU = Release|Any CPU
	EndGlobalSection
	GlobalSection(ProjectConfigurationPlatforms) = postSolution
		{4A53296B-5F1C-4860-A1C3-C7F6FC1DC47E}.Debug|Any CPU.ActiveCfg = Debug|Any CPU
		{4A53296B-5F1C-4860-A1C3-C7F6FC1DC47E}.Debug|Any CPU.Build.0 = Debug|Any CPU
		{4A53296B-5F1C-4860-A1C3-C7F6FC1DC47E}.Release|Any CPU.ActiveCfg = Release|Any CPU
		{4A53296B-5F1C-4860-A1C3-C7F6FC1DC47E}.Release|Any CPU.Build.0 = Release|Any CPU
		{81F20589-DADC-4244-8B01-E94037920B37}.Debug|Any CPU.ActiveCfg = Debug|Any CPU
		{81F20589-DADC-4244-8B01-E94037920B37}.Debug|Any CPU.Build.0 = Debug|Any CPU
		{81F20589-DADC-4244-8B01-E94037920B37}.Release|Any CPU.ActiveCfg = Release|Any CPU
		{81F20589-DADC-4244-8B01-E94037920B37}.Release|Any CPU.Build.0 = Release|Any CPU
		{2AC57EA9-CBBB-4FC2-8195-E3D4DD7042FA}.Debug|Any CPU.ActiveCfg = Debug|Any CPU
		{2AC57EA9-CBBB-4FC2-8195-E3D4DD7042FA}.Debug|Any CPU.Build.0 = Debug|Any CPU
		{2AC57EA9-CBBB-4FC2-8195-E3D4DD7042FA}.Release|Any CPU.ActiveCfg = Release|Any CPU
		{2AC57EA9-CBBB-4FC2-8195-E3D4DD7042FA}.Release|Any CPU.Build.0 = Release|Any CPU
		{EA57699E-3165-4B49-999B-41B3B9BA8115}.Debug|Any CPU.ActiveCfg = Debug|Any CPU
		{EA57699E-3165-4B49-999B-41B3B9BA8115}.Debug|Any CPU.Build.0 = Debug|Any CPU
		{EA57699E-3165-4B49-999B-41B3B9BA8115}.Release|Any CPU.ActiveCfg = Release|Any CPU
		{EA57699E-3165-4B49-999B-41B3B9BA8115}.Release|Any CPU.Build.0 = Release|Any CPU
		{CDEF6DA6-F0F4-4F76-8505-5AF49FDCAD8F}.Debug|Any CPU.ActiveCfg = Debug|Any CPU
		{CDEF6DA6-F0F4-4F76-8505-5AF49FDCAD8F}.Debug|Any CPU.Build.0 = Debug|Any CPU
		{CDEF6DA6-F0F4-4F76-8505-5AF49FDCAD8F}.Release|Any CPU.ActiveCfg = Release|Any CPU
		{CDEF6DA6-F0F4-4F76-8505-5AF49FDCAD8F}.Release|Any CPU.Build.0 = Release|Any CPU
		{DBD4052A-6BC8-49D6-8CB3-91F36048311A}.Debug|Any CPU.ActiveCfg = Debug|Any CPU
		{DBD4052A-6BC8-49D6-8CB3-91F36048311A}.Debug|Any CPU.Build.0 = Debug|Any CPU
		{DBD4052A-6BC8-49D6-8CB3-91F36048311A}.Release|Any CPU.ActiveCfg = Release|Any CPU
		{DBD4052A-6BC8-49D6-8CB3-91F36048311A}.Release|Any CPU.Build.0 = Release|Any CPU
		{29FC34E9-6B2D-4BC5-9E7E-F82817516F20}.Debug|Any CPU.ActiveCfg = Debug|Any CPU
		{29FC34E9-6B2D-4BC5-9E7E-F82817516F20}.Debug|Any CPU.Build.0 = Debug|Any CPU
		{29FC34E9-6B2D-4BC5-9E7E-F82817516F20}.Release|Any CPU.ActiveCfg = Release|Any CPU
		{29FC34E9-6B2D-4BC5-9E7E-F82817516F20}.Release|Any CPU.Build.0 = Release|Any CPU
		{5CF50C7E-1DE2-4A71-ABE3-E602E8148203}.Debug|Any CPU.ActiveCfg = Debug|Any CPU
		{5CF50C7E-1DE2-4A71-ABE3-E602E8148203}.Debug|Any CPU.Build.0 = Debug|Any CPU
		{5CF50C7E-1DE2-4A71-ABE3-E602E8148203}.Release|Any CPU.ActiveCfg = Release|Any CPU
		{5CF50C7E-1DE2-4A71-ABE3-E602E8148203}.Release|Any CPU.Build.0 = Release|Any CPU
		{D0CEF3FF-6301-4539-BD77-92C7F24C686E}.Debug|Any CPU.ActiveCfg = Debug|Any CPU
		{D0CEF3FF-6301-4539-BD77-92C7F24C686E}.Debug|Any CPU.Build.0 = Debug|Any CPU
		{D0CEF3FF-6301-4539-BD77-92C7F24C686E}.Release|Any CPU.ActiveCfg = Release|Any CPU
		{D0CEF3FF-6301-4539-BD77-92C7F24C686E}.Release|Any CPU.Build.0 = Release|Any CPU
		{4FB2FFBB-89E4-4942-AEBF-AD6E4717A62B}.Debug|Any CPU.ActiveCfg = Debug|Any CPU
		{4FB2FFBB-89E4-4942-AEBF-AD6E4717A62B}.Debug|Any CPU.Build.0 = Debug|Any CPU
		{4FB2FFBB-89E4-4942-AEBF-AD6E4717A62B}.Release|Any CPU.ActiveCfg = Release|Any CPU
		{4FB2FFBB-89E4-4942-AEBF-AD6E4717A62B}.Release|Any CPU.Build.0 = Release|Any CPU
	EndGlobalSection
	GlobalSection(SolutionProperties) = preSolution
		HideSolutionNode = FALSE
	EndGlobalSection
	GlobalSection(ExtensibilityGlobals) = postSolution
		SolutionGuid = {76E4B926-0A9D-4C59-8A5B-2A389E3D9A17}
	EndGlobalSection
EndGlobal
